
Microsoft Visual Studio Solution File, Format Version 12.00
# Visual Studio Version 16
VisualStudioVersion = 16.0.31205.134
MinimumVisualStudioVersion = 10.0.40219.1
Project("{FAE04EC0-301F-11D3-BF4B-00C04F79EFBC}") = "DentalCabinet", "DentalCabinet\DentalCabinet.csproj", "{5C098D31-48F1-4A8E-AC4E-6104E67DD167}"
EndProject
Global
	GlobalSection(SolutionConfigurationPlatforms) = preSolution
		Debug|Any CPU = Debug|Any CPU
		Release|Any CPU = Release|Any CPU
	EndGlobalSection
	GlobalSection(ProjectConfigurationPlatforms) = postSolution
		{5C098D31-48F1-4A8E-AC4E-6104E67DD167}.Debug|Any CPU.ActiveCfg = Debug|Any CPU
		{5C098D31-48F1-4A8E-AC4E-6104E67DD167}.Debug|Any CPU.Build.0 = Debug|Any CPU
		{5C098D31-48F1-4A8E-AC4E-6104E67DD167}.Release|Any CPU.ActiveCfg = Release|Any CPU
		{5C098D31-48F1-4A8E-AC4E-6104E67DD167}.Release|Any CPU.Build.0 = Release|Any CPU
	EndGlobalSection
	GlobalSection(SolutionProperties) = preSolution
		HideSolutionNode = FALSE
	EndGlobalSection
	GlobalSection(ExtensibilityGlobals) = postSolution
		SolutionGuid = {0EE3D7E9-8148-4B69-9B6A-77E51114D290}
	EndGlobalSection
EndGlobal
